{
  "name": "randomcolor-demo",
  "lockfileVersion": 2,
  "requires": true,
  "packages": {
    "": {
      "name": "randomcolor-demo",
      "license": "CC0",
      "dependencies": {
        "cheerio": "^0.19.0",
        "clean-css": "^4.1.11",
        "fs-extra": "^5.0.0",
        "highlight": "^0.2.3",
        "highlight.js": "^10.4.1",
        "html-minifier": "^0.7.2",
        "typeset": "^0.2.2",
        "uglify-js": "^3.3.21"
      }
    },
    "node_modules/cheerio": {
      "version": "0.19.0",
      "license": "MIT",
      "dependencies": {
        "css-select": "~1.0.0",
        "dom-serializer": "~0.1.0",
        "entities": "~1.1.1",
        "htmlparser2": "~3.8.1",
        "lodash": "^3.2.0"
      },
      "engines": {
        "node": ">= 0.6"
      }
    },
    "node_modules/cheerio/node_modules/css-select": {
      "version": "1.0.0",
      "license": "BSD-like",
      "dependencies": {
        "boolbase": "~1.0.0",
        "css-what": "1.0",
        "domutils": "1.4",
        "nth-check": "~1.0.0"
      }
    },
    "node_modules/cheerio/node_modules/css-select/node_modules/boolbase": {
      "version": "1.0.0",
      "license": "ISC"
    },
    "node_modules/cheerio/node_modules/css-select/node_modules/css-what": {
      "version": "1.0.0",
      "license": "BSD-like",
      "engines": {
        "node": "*"
      }
    },
    "node_modules/cheerio/node_modules/css-select/node_modules/domutils": {
      "version": "1.4.3",
      "dependencies": {
        "domelementtype": "1"
      }
    },
    "node_modules/cheerio/node_modules/css-select/node_modules/domutils/node_modules/domelementtype": {
      "version": "1.3.0"
    },
    "node_modules/cheerio/node_modules/css-select/node_modules/nth-check": {
      "version": "1.0.1",
      "license": "BSD",
      "dependencies": {
        "boolbase": "~1.0.0"
      }
    },
    "node_modules/cheerio/node_modules/dom-serializer": {
      "version": "0.1.0",
      "license": "MIT",
      "dependencies": {
        "domelementtype": "~1.1.1",
        "entities": "~1.1.1"
      }
    },
    "node_modules/cheerio/node_modules/dom-serializer/node_modules/domelementtype": {
      "version": "1.1.3"
    },
    "node_modules/cheerio/node_modules/entities": {
      "version": "1.1.1",
      "license": "BSD-like"
    },
    "node_modules/cheerio/node_modules/htmlparser2": {
      "version": "3.8.3",
      "license": "MIT",
      "dependencies": {
        "domelementtype": "1",
        "domhandler": "2.3",
        "domutils": "1.5",
        "entities": "1.0",
        "readable-stream": "1.1"
      }
    },
    "node_modules/cheerio/node_modules/htmlparser2/node_modules/domelementtype": {
      "version": "1.3.0"
    },
    "node_modules/cheerio/node_modules/htmlparser2/node_modules/domhandler": {
      "version": "2.3.0",
      "dependencies": {
        "domelementtype": "1"
      }
    },
    "node_modules/cheerio/node_modules/htmlparser2/node_modules/domutils": {
      "version": "1.5.1",
      "dependencies": {
        "dom-serializer": "0",
        "domelementtype": "1"
      }
    },
    "node_modules/cheerio/node_modules/htmlparser2/node_modules/entities": {
      "version": "1.0.0",
      "license": "BSD-like"
    },
    "node_modules/cheerio/node_modules/htmlparser2/node_modules/readable-stream": {
      "version": "1.1.14",
      "license": "MIT",
      "dependencies": {
        "core-util-is": "~1.0.0",
        "inherits": "~2.0.1",
        "isarray": "0.0.1",
        "string_decoder": "~0.10.x"
      }
    },
    "node_modules/cheerio/node_modules/htmlparser2/node_modules/readable-stream/node_modules/core-util-is": {
      "version": "1.0.2",
      "license": "MIT"
    },
    "node_modules/cheerio/node_modules/htmlparser2/node_modules/readable-stream/node_modules/inherits": {
      "version": "2.0.3",
      "license": "ISC"
    },
    "node_modules/cheerio/node_modules/htmlparser2/node_modules/readable-stream/node_modules/isarray": {
      "version": "0.0.1",
      "license": "MIT"
    },
    "node_modules/cheerio/node_modules/htmlparser2/node_modules/readable-stream/node_modules/string_decoder": {
      "version": "0.10.31",
      "license": "MIT"
    },
    "node_modules/cheerio/node_modules/lodash": {
      "version": "3.10.1",
      "license": "MIT"
    },
    "node_modules/clean-css": {
      "version": "4.1.11",
      "license": "MIT",
      "dependencies": {
        "source-map": "0.5.x"
      },
      "engines": {
        "node": ">= 4.0"
      }
    },
    "node_modules/clean-css/node_modules/source-map": {
      "version": "0.5.7",
      "license": "BSD-3-Clause",
      "engines": {
        "node": ">=0.10.0"
      }
    },
    "node_modules/fs-extra": {
      "version": "5.0.0",
      "license": "MIT",
      "dependencies": {
        "graceful-fs": "^4.1.2",
        "jsonfile": "^4.0.0",
        "universalify": "^0.1.0"
      }
    },
    "node_modules/fs-extra/node_modules/graceful-fs": {
      "version": "4.1.11",
      "license": "ISC",
      "engines": {
        "node": ">=0.4.0"
      }
    },
    "node_modules/fs-extra/node_modules/jsonfile": {
      "version": "4.0.0",
      "license": "MIT",
      "optionalDependencies": {
        "graceful-fs": "^4.1.6"
      }
    },
    "node_modules/fs-extra/node_modules/universalify": {
      "version": "0.1.1",
      "license": "MIT"
    },
    "node_modules/highlight": {
      "version": "0.2.4",
      "deprecated": "Not maintained anymore"
    },
    "node_modules/highlight.js": {
      "version": "10.4.1",
      "resolved": "https://registry.npmjs.org/highlight.js/-/highlight.js-10.4.1.tgz",
      "integrity": "sha512-yR5lWvNz7c85OhVAEAeFhVCc/GV4C30Fjzc/rCP0aCWzc1UUOPUk55dK/qdwTZHBvMZo+eZ2jpk62ndX/xMFlg==",
      "engines": {
        "node": "*"
      }
    },
    "node_modules/html-minifier": {
      "version": "0.7.2",
      "license": "MIT",
      "dependencies": {
        "change-case": "2.3.x",
        "clean-css": "3.1.x",
        "cli": "0.6.x",
        "concat-stream": "1.4.x",
        "relateurl": "0.2.x",
        "uglify-js": "2.4.x"
      },
      "bin": {
        "html-minifier": "cli.js"
      },
      "engines": {
        "node": ">=0.10.0"
      }
    },
    "node_modules/html-minifier/node_modules/change-case": {
      "version": "2.3.1",
      "license": "MIT",
      "dependencies": {
        "camel-case": "^1.1.1",
        "constant-case": "^1.1.0",
        "dot-case": "^1.1.0",
        "is-lower-case": "^1.1.0",
        "is-upper-case": "^1.1.0",
        "lower-case": "^1.1.1",
        "lower-case-first": "^1.0.0",
        "param-case": "^1.1.0",
        "pascal-case": "^1.1.0",
        "path-case": "^1.1.0",
        "sentence-case": "^1.1.1",
        "snake-case": "^1.1.0",
        "swap-case": "^1.1.0",
        "title-case": "^1.1.0",
        "upper-case": "^1.1.1",
        "upper-case-first": "^1.1.0"
      }
    },
    "node_modules/html-minifier/node_modules/change-case/node_modules/camel-case": {
      "version": "1.2.2",
      "license": "MIT",
      "dependencies": {
        "sentence-case": "^1.1.1",
        "upper-case": "^1.1.1"
      }
    },
    "node_modules/html-minifier/node_modules/change-case/node_modules/constant-case": {
      "version": "1.1.2",
      "license": "MIT",
      "dependencies": {
        "snake-case": "^1.1.0",
        "upper-case": "^1.1.1"
      }
    },
    "node_modules/html-minifier/node_modules/change-case/node_modules/dot-case": {
      "version": "1.1.2",
      "license": "MIT",
      "dependencies": {
        "sentence-case": "^1.1.2"
      }
    },
    "node_modules/html-minifier/node_modules/change-case/node_modules/is-lower-case": {
      "version": "1.1.3",
      "license": "MIT",
      "dependencies": {
        "lower-case": "^1.1.0"
      }
    },
    "node_modules/html-minifier/node_modules/change-case/node_modules/is-upper-case": {
      "version": "1.1.2",
      "license": "MIT",
      "dependencies": {
        "upper-case": "^1.1.0"
      }
    },
    "node_modules/html-minifier/node_modules/change-case/node_modules/lower-case": {
      "version": "1.1.4",
      "license": "MIT"
    },
    "node_modules/html-minifier/node_modules/change-case/node_modules/lower-case-first": {
      "version": "1.0.2",
      "license": "MIT",
      "dependencies": {
        "lower-case": "^1.1.2"
      }
    },
    "node_modules/html-minifier/node_modules/change-case/node_modules/param-case": {
      "version": "1.1.2",
      "license": "MIT",
      "dependencies": {
        "sentence-case": "^1.1.2"
      }
    },
    "node_modules/html-minifier/node_modules/change-case/node_modules/pascal-case": {
      "version": "1.1.2",
      "license": "MIT",
      "dependencies": {
        "camel-case": "^1.1.1",
        "upper-case-first": "^1.1.0"
      }
    },
    "node_modules/html-minifier/node_modules/change-case/node_modules/path-case": {
      "version": "1.1.2",
      "license": "MIT",
      "dependencies": {
        "sentence-case": "^1.1.2"
      }
    },
    "node_modules/html-minifier/node_modules/change-case/node_modules/sentence-case": {
      "version": "1.1.3",
      "license": "MIT",
      "dependencies": {
        "lower-case": "^1.1.1"
      }
    },
    "node_modules/html-minifier/node_modules/change-case/node_modules/snake-case": {
      "version": "1.1.2",
      "license": "MIT",
      "dependencies": {
        "sentence-case": "^1.1.2"
      }
    },
    "node_modules/html-minifier/node_modules/change-case/node_modules/swap-case": {
      "version": "1.1.2",
      "license": "MIT",
      "dependencies": {
        "lower-case": "^1.1.1",
        "upper-case": "^1.1.1"
      }
    },
    "node_modules/html-minifier/node_modules/change-case/node_modules/title-case": {
      "version": "1.1.2",
      "license": "MIT",
      "dependencies": {
        "sentence-case": "^1.1.1",
        "upper-case": "^1.0.3"
      }
    },
    "node_modules/html-minifier/node_modules/change-case/node_modules/upper-case": {
      "version": "1.1.3",
      "license": "MIT"
    },
    "node_modules/html-minifier/node_modules/change-case/node_modules/upper-case-first": {
      "version": "1.1.2",
      "license": "MIT",
      "dependencies": {
        "upper-case": "^1.1.1"
      }
    },
    "node_modules/html-minifier/node_modules/clean-css": {
      "version": "3.1.9",
      "license": "MIT",
      "dependencies": {
        "commander": "2.6.x",
        "source-map": ">=0.1.43 <0.2"
      },
      "bin": {
        "cleancss": "bin/cleancss"
      },
      "engines": {
        "node": ">=0.10.0"
      }
    },
    "node_modules/html-minifier/node_modules/clean-css/node_modules/commander": {
      "version": "2.6.0",
      "license": "MIT",
      "engines": {
        "node": ">= 0.6.x"
      }
    },
    "node_modules/html-minifier/node_modules/clean-css/node_modules/source-map": {
      "version": "0.1.43",
      "dependencies": {
        "amdefine": ">=0.0.4"
      },
      "engines": {
        "node": ">=0.8.0"
      }
    },
    "node_modules/html-minifier/node_modules/clean-css/node_modules/source-map/node_modules/amdefine": {
      "version": "1.0.1",
      "license": "BSD-3-Clause OR MIT",
      "engines": {
        "node": ">=0.4.2"
      }
    },
    "node_modules/html-minifier/node_modules/cli": {
      "version": "0.6.6",
      "dependencies": {
        "exit": "0.1.2",
        "glob": "~ 3.2.1"
      },
      "engines": {
        "node": ">=0.2.5"
      }
    },
    "node_modules/html-minifier/node_modules/cli/node_modules/exit": {
      "version": "0.1.2",
      "engines": {
        "node": ">= 0.8.0"
      }
    },
    "node_modules/html-minifier/node_modules/cli/node_modules/glob": {
      "version": "3.2.11",
      "license": "BSD",
      "dependencies": {
        "inherits": "2",
        "minimatch": "0.3"
      },
      "engines": {
        "node": "*"
      }
    },
    "node_modules/html-minifier/node_modules/cli/node_modules/glob/node_modules/inherits": {
      "version": "2.0.3",
      "license": "ISC"
    },
    "node_modules/html-minifier/node_modules/cli/node_modules/glob/node_modules/minimatch": {
      "version": "0.3.0",
      "deprecated": "Please update to minimatch 3.0.2 or higher to avoid a RegExp DoS issue",
      "license": "MIT",
      "dependencies": {
        "lru-cache": "2",
        "sigmund": "~1.0.0"
      },
      "engines": {
        "node": "*"
      }
    },
    "node_modules/html-minifier/node_modules/cli/node_modules/glob/node_modules/minimatch/node_modules/lru-cache": {
      "version": "2.7.3",
      "license": "ISC"
    },
    "node_modules/html-minifier/node_modules/cli/node_modules/glob/node_modules/minimatch/node_modules/sigmund": {
      "version": "1.0.1",
      "license": "ISC"
    },
    "node_modules/html-minifier/node_modules/concat-stream": {
      "version": "1.4.11",
      "engines": [
        "node >= 0.8"
      ],
      "license": "MIT",
      "dependencies": {
        "inherits": "~2.0.1",
        "readable-stream": "~1.1.9",
        "typedarray": "~0.0.5"
      }
    },
    "node_modules/html-minifier/node_modules/concat-stream/node_modules/inherits": {
      "version": "2.0.3",
      "license": "ISC"
    },
    "node_modules/html-minifier/node_modules/concat-stream/node_modules/readable-stream": {
      "version": "1.1.14",
      "license": "MIT",
      "dependencies": {
        "core-util-is": "~1.0.0",
        "inherits": "~2.0.1",
        "isarray": "0.0.1",
        "string_decoder": "~0.10.x"
      }
    },
    "node_modules/html-minifier/node_modules/concat-stream/node_modules/readable-stream/node_modules/core-util-is": {
      "version": "1.0.2",
      "license": "MIT"
    },
    "node_modules/html-minifier/node_modules/concat-stream/node_modules/readable-stream/node_modules/isarray": {
      "version": "0.0.1",
      "license": "MIT"
    },
    "node_modules/html-minifier/node_modules/concat-stream/node_modules/readable-stream/node_modules/string_decoder": {
      "version": "0.10.31",
      "license": "MIT"
    },
    "node_modules/html-minifier/node_modules/concat-stream/node_modules/typedarray": {
      "version": "0.0.6",
      "license": "MIT"
    },
    "node_modules/html-minifier/node_modules/relateurl": {
      "version": "0.2.7",
      "license": "MIT",
      "engines": {
        "node": ">= 0.10"
      }
    },
    "node_modules/html-minifier/node_modules/uglify-js": {
      "version": "2.4.24",
      "license": "BSD",
      "dependencies": {
        "async": "~0.2.6",
        "source-map": "0.1.34",
        "uglify-to-browserify": "~1.0.0",
        "yargs": "~3.5.4"
      },
      "bin": {
        "uglifyjs": "bin/uglifyjs"
      },
      "engines": {
        "node": ">=0.4.0"
      }
    },
    "node_modules/html-minifier/node_modules/uglify-js/node_modules/async": {
      "version": "0.2.10"
    },
    "node_modules/html-minifier/node_modules/uglify-js/node_modules/source-map": {
      "version": "0.1.34",
      "dependencies": {
        "amdefine": ">=0.0.4"
      },
      "engines": {
        "node": ">=0.8.0"
      }
    },
    "node_modules/html-minifier/node_modules/uglify-js/node_modules/source-map/node_modules/amdefine": {
      "version": "1.0.1",
      "license": "BSD-3-Clause OR MIT",
      "engines": {
        "node": ">=0.4.2"
      }
    },
    "node_modules/html-minifier/node_modules/uglify-js/node_modules/uglify-to-browserify": {
      "version": "1.0.2",
      "license": "MIT"
    },
    "node_modules/html-minifier/node_modules/uglify-js/node_modules/yargs": {
      "version": "3.5.4",
      "license": "MIT/X11",
      "dependencies": {
        "camelcase": "^1.0.2",
        "decamelize": "^1.0.0",
        "window-size": "0.1.0",
        "wordwrap": "0.0.2"
      }
    },
    "node_modules/html-minifier/node_modules/uglify-js/node_modules/yargs/node_modules/camelcase": {
      "version": "1.2.1",
      "license": "MIT",
      "engines": {
        "node": ">=0.10.0"
      }
    },
    "node_modules/html-minifier/node_modules/uglify-js/node_modules/yargs/node_modules/decamelize": {
      "version": "1.2.0",
      "license": "MIT",
      "engines": {
        "node": ">=0.10.0"
      }
    },
    "node_modules/html-minifier/node_modules/uglify-js/node_modules/yargs/node_modules/window-size": {
      "version": "0.1.0",
      "engines": {
        "node": ">= 0.8.0"
      }
    },
    "node_modules/html-minifier/node_modules/uglify-js/node_modules/yargs/node_modules/wordwrap": {
      "version": "0.0.2",
      "license": "MIT/X11",
      "engines": {
        "node": ">=0.4.0"
      }
    },
    "node_modules/typeset": {
      "version": "0.2.2",
      "license": "MIT",
      "dependencies": {
        "cheerio": "^0.19.0",
        "commander": "^2.8.1",
        "html-entities": "^1.1.2",
        "hypher": "^0.2.3"
      },
      "bin": {
        "typeset-js": "src/cmd.js"
      }
    },
    "node_modules/typeset/node_modules/commander": {
      "version": "2.15.1",
      "license": "MIT"
    },
    "node_modules/typeset/node_modules/html-entities": {
      "version": "1.2.1",
      "engines": [
        "node >= 0.4.0"
      ],
      "license": "MIT"
    },
    "node_modules/typeset/node_modules/hypher": {
      "version": "0.2.5",
      "license": "BSD-3-Clause"
    },
    "node_modules/uglify-js": {
      "version": "3.3.21",
      "license": "BSD-2-Clause",
      "dependencies": {
        "commander": "~2.15.0",
        "source-map": "~0.6.1"
      },
      "bin": {
        "uglifyjs": "bin/uglifyjs"
      },
      "engines": {
        "node": ">=0.8.0"
      }
    },
    "node_modules/uglify-js/node_modules/commander": {
      "version": "2.15.1",
      "license": "MIT"
    },
    "node_modules/uglify-js/node_modules/source-map": {
      "version": "0.6.1",
      "license": "BSD-3-Clause",
      "engines": {
        "node": ">=0.10.0"
      }
    }
  },
  "dependencies": {
    "cheerio": {
      "version": "0.19.0",
      "requires": {
        "css-select": "~1.0.0",
        "dom-serializer": "~0.1.0",
        "entities": "~1.1.1",
        "htmlparser2": "~3.8.1",
        "lodash": "^3.2.0"
      },
      "dependencies": {
        "css-select": {
          "version": "1.0.0",
          "requires": {
            "boolbase": "~1.0.0",
            "css-what": "1.0",
            "domutils": "1.4",
            "nth-check": "~1.0.0"
          },
          "dependencies": {
            "boolbase": {
              "version": "1.0.0"
            },
            "css-what": {
              "version": "1.0.0"
            },
            "domutils": {
              "version": "1.4.3",
              "requires": {
                "domelementtype": "1"
              },
              "dependencies": {
                "domelementtype": {
                  "version": "1.3.0"
                }
              }
            },
            "nth-check": {
              "version": "1.0.1",
              "requires": {
                "boolbase": "~1.0.0"
              }
            }
          }
        },
        "dom-serializer": {
          "version": "0.1.0",
          "requires": {
            "domelementtype": "~1.1.1",
            "entities": "~1.1.1"
          },
          "dependencies": {
            "domelementtype": {
              "version": "1.1.3"
            }
          }
        },
        "entities": {
          "version": "1.1.1"
        },
        "htmlparser2": {
          "version": "3.8.3",
          "requires": {
            "domelementtype": "1",
            "domhandler": "2.3",
            "domutils": "1.5",
            "entities": "1.0",
            "readable-stream": "1.1"
          },
          "dependencies": {
            "domelementtype": {
              "version": "1.3.0"
            },
            "domhandler": {
              "version": "2.3.0",
              "requires": {
                "domelementtype": "1"
              }
            },
            "domutils": {
              "version": "1.5.1",
              "requires": {
                "dom-serializer": "0",
                "domelementtype": "1"
              }
            },
            "entities": {
              "version": "1.0.0"
            },
            "readable-stream": {
              "version": "1.1.14",
              "requires": {
                "core-util-is": "~1.0.0",
                "inherits": "~2.0.1",
                "isarray": "0.0.1",
                "string_decoder": "~0.10.x"
              },
              "dependencies": {
                "core-util-is": {
                  "version": "1.0.2"
                },
                "inherits": {
                  "version": "2.0.3"
                },
                "isarray": {
                  "version": "0.0.1"
                },
                "string_decoder": {
                  "version": "0.10.31"
                }
              }
            }
          }
        },
        "lodash": {
          "version": "3.10.1"
        }
      }
    },
    "clean-css": {
      "version": "4.1.11",
      "requires": {
        "source-map": "0.5.x"
      },
      "dependencies": {
        "source-map": {
          "version": "0.5.7"
        }
      }
    },
    "fs-extra": {
      "version": "5.0.0",
      "requires": {
        "graceful-fs": "^4.1.2",
        "jsonfile": "^4.0.0",
        "universalify": "^0.1.0"
      },
      "dependencies": {
        "graceful-fs": {
          "version": "4.1.11"
        },
        "jsonfile": {
          "version": "4.0.0",
          "requires": {
            "graceful-fs": "^4.1.6"
          }
        },
        "universalify": {
          "version": "0.1.1"
        }
      }
    },
    "highlight": {
      "version": "0.2.4"
    },
    "highlight.js": {
      "version": "10.4.1",
      "resolved": "https://registry.npmjs.org/highlight.js/-/highlight.js-10.4.1.tgz",
      "integrity": "sha512-yR5lWvNz7c85OhVAEAeFhVCc/GV4C30Fjzc/rCP0aCWzc1UUOPUk55dK/qdwTZHBvMZo+eZ2jpk62ndX/xMFlg=="
    },
    "html-minifier": {
      "version": "0.7.2",
      "requires": {
        "change-case": "2.3.x",
        "clean-css": "3.1.x",
        "cli": "0.6.x",
        "concat-stream": "1.4.x",
        "relateurl": "0.2.x",
        "uglify-js": "2.4.x"
      },
      "dependencies": {
        "change-case": {
          "version": "2.3.1",
          "requires": {
            "camel-case": "^1.1.1",
            "constant-case": "^1.1.0",
            "dot-case": "^1.1.0",
            "is-lower-case": "^1.1.0",
            "is-upper-case": "^1.1.0",
            "lower-case": "^1.1.1",
            "lower-case-first": "^1.0.0",
            "param-case": "^1.1.0",
            "pascal-case": "^1.1.0",
            "path-case": "^1.1.0",
            "sentence-case": "^1.1.1",
            "snake-case": "^1.1.0",
            "swap-case": "^1.1.0",
            "title-case": "^1.1.0",
            "upper-case": "^1.1.1",
            "upper-case-first": "^1.1.0"
          },
          "dependencies": {
            "camel-case": {
              "version": "1.2.2",
              "requires": {
                "sentence-case": "^1.1.1",
                "upper-case": "^1.1.1"
              }
            },
            "constant-case": {
              "version": "1.1.2",
              "requires": {
                "snake-case": "^1.1.0",
                "upper-case": "^1.1.1"
              }
            },
            "dot-case": {
              "version": "1.1.2",
              "requires": {
                "sentence-case": "^1.1.2"
              }
            },
            "is-lower-case": {
              "version": "1.1.3",
              "requires": {
                "lower-case": "^1.1.0"
              }
            },
            "is-upper-case": {
              "version": "1.1.2",
              "requires": {
                "upper-case": "^1.1.0"
              }
            },
            "lower-case": {
              "version": "1.1.4"
            },
            "lower-case-first": {
              "version": "1.0.2",
              "requires": {
                "lower-case": "^1.1.2"
              }
            },
            "param-case": {
              "version": "1.1.2",
              "requires": {
                "sentence-case": "^1.1.2"
              }
            },
            "pascal-case": {
              "version": "1.1.2",
              "requires": {
                "camel-case": "^1.1.1",
                "upper-case-first": "^1.1.0"
              }
            },
            "path-case": {
              "version": "1.1.2",
              "requires": {
                "sentence-case": "^1.1.2"
              }
            },
            "sentence-case": {
              "version": "1.1.3",
              "requires": {
                "lower-case": "^1.1.1"
              }
            },
            "snake-case": {
              "version": "1.1.2",
              "requires": {
                "sentence-case": "^1.1.2"
              }
            },
            "swap-case": {
              "version": "1.1.2",
              "requires": {
                "lower-case": "^1.1.1",
                "upper-case": "^1.1.1"
              }
            },
            "title-case": {
              "version": "1.1.2",
              "requires": {
                "sentence-case": "^1.1.1",
                "upper-case": "^1.0.3"
              }
            },
            "upper-case": {
              "version": "1.1.3"
            },
            "upper-case-first": {
              "version": "1.1.2",
              "requires": {
                "upper-case": "^1.1.1"
              }
            }
          }
        },
        "clean-css": {
          "version": "3.1.9",
          "requires": {
            "commander": "2.6.x",
            "source-map": ">=0.1.43 <0.2"
          },
          "dependencies": {
            "commander": {
              "version": "2.6.0"
            },
            "source-map": {
              "version": "0.1.43",
              "requires": {
                "amdefine": ">=0.0.4"
              },
              "dependencies": {
                "amdefine": {
                  "version": "1.0.1"
                }
              }
            }
          }
        },
        "cli": {
          "version": "0.6.6",
          "requires": {
            "exit": "0.1.2",
            "glob": "~ 3.2.1"
          },
          "dependencies": {
            "exit": {
              "version": "0.1.2"
            },
            "glob": {
              "version": "3.2.11",
              "requires": {
                "inherits": "2",
                "minimatch": "0.3"
              },
              "dependencies": {
                "inherits": {
                  "version": "2.0.3"
                },
                "minimatch": {
                  "version": "0.3.0",
                  "requires": {
                    "lru-cache": "2",
                    "sigmund": "~1.0.0"
                  },
                  "dependencies": {
                    "lru-cache": {
                      "version": "2.7.3"
                    },
                    "sigmund": {
                      "version": "1.0.1"
                    }
                  }
                }
              }
            }
          }
        },
        "concat-stream": {
          "version": "1.4.11",
          "requires": {
            "inherits": "~2.0.1",
            "readable-stream": "~1.1.9",
            "typedarray": "~0.0.5"
          },
          "dependencies": {
            "inherits": {
              "version": "2.0.3"
            },
            "readable-stream": {
              "version": "1.1.14",
              "requires": {
                "core-util-is": "~1.0.0",
                "inherits": "~2.0.1",
                "isarray": "0.0.1",
                "string_decoder": "~0.10.x"
              },
              "dependencies": {
                "core-util-is": {
                  "version": "1.0.2"
                },
                "isarray": {
                  "version": "0.0.1"
                },
                "string_decoder": {
                  "version": "0.10.31"
                }
              }
            },
            "typedarray": {
              "version": "0.0.6"
            }
          }
        },
        "relateurl": {
          "version": "0.2.7"
        },
        "uglify-js": {
          "version": "2.4.24",
          "requires": {
            "async": "~0.2.6",
            "source-map": "0.1.34",
            "uglify-to-browserify": "~1.0.0",
            "yargs": "~3.5.4"
          },
          "dependencies": {
            "async": {
              "version": "0.2.10"
            },
            "source-map": {
              "version": "0.1.34",
              "requires": {
                "amdefine": ">=0.0.4"
              },
              "dependencies": {
                "amdefine": {
                  "version": "1.0.1"
                }
              }
            },
            "uglify-to-browserify": {
              "version": "1.0.2"
            },
            "yargs": {
              "version": "3.5.4",
              "requires": {
                "camelcase": "^1.0.2",
                "decamelize": "^1.0.0",
                "window-size": "0.1.0",
                "wordwrap": "0.0.2"
              },
              "dependencies": {
                "camelcase": {
                  "version": "1.2.1"
                },
                "decamelize": {
                  "version": "1.2.0"
                },
                "window-size": {
                  "version": "0.1.0"
                },
                "wordwrap": {
                  "version": "0.0.2"
                }
              }
            }
          }
        }
      }
    },
    "typeset": {
      "version": "0.2.2",
      "requires": {
        "cheerio": "^0.19.0",
        "commander": "^2.8.1",
        "html-entities": "^1.1.2",
        "hypher": "^0.2.3"
      },
      "dependencies": {
        "commander": {
          "version": "2.15.1"
        },
        "html-entities": {
          "version": "1.2.1"
        },
        "hypher": {
          "version": "0.2.5"
        }
      }
    },
    "uglify-js": {
      "version": "3.3.21",
      "requires": {
        "commander": "~2.15.0",
        "source-map": "~0.6.1"
      },
      "dependencies": {
        "commander": {
          "version": "2.15.1"
        },
        "source-map": {
          "version": "0.6.1"
        }
      }
    }
  }
}
